
Microsoft Visual Studio Solution File, Format Version 11.00
# Visual Studio 2010
Project("{FAE04EC0-301F-11D3-BF4B-00C04F79EFBC}") = "VT.DCM.Server", "VT.DCM.Server\VT.DCM.Server.csproj", "{A6A43612-54B5-4382-97F7-EF1D48F571D1}"
EndProject
Project("{FAE04EC0-301F-11D3-BF4B-00C04F79EFBC}") = "VT.DCM.Client", "VT.DCM.Client\VT.DCM.Client.csproj", "{ABD253F0-40E4-4198-B29F-5CAC6F219AC9}"
EndProject
Project("{FAE04EC0-301F-11D3-BF4B-00C04F79EFBC}") = "VT.Web", "VT.Web\VT.Web.csproj", "{DC48D710-2D09-4CFB-B219-5D7DE66BEA78}"
EndProject
Project("{FAE04EC0-301F-11D3-BF4B-00C04F79EFBC}") = "VT.WebService", "VT.WebService\VT.WebService.csproj", "{48593A4A-60A1-43BD-8579-F176B4CF8D57}"
EndProject
Project("{FAE04EC0-301F-11D3-BF4B-00C04F79EFBC}") = "VT.Common", "VT.Common\VT.Common.csproj", "{BEDC6F70-BF16-48FD-A31B-D626B65E6AC7}"
EndProject
Project("{FAE04EC0-301F-11D3-BF4B-00C04F79EFBC}") = "VT.DAL", "VT.DAL\VT.DAL.csproj", "{9E49013C-9F0B-4A14-9D4D-C7D9EED2C4DE}"
EndProject
Project("{FAE04EC0-301F-11D3-BF4B-00C04F79EFBC}") = "VT.SandBox", "VT.SandBox\VT.SandBox.csproj", "{97F3DDB1-6E55-4BAE-ACE1-AA8C0643DA96}"
EndProject
Project("{FAE04EC0-301F-11D3-BF4B-00C04F79EFBC}") = "VT.Model", "VT.Model\VT.Model.csproj", "{F687D34E-CDD6-42A7-B66A-51FA0305D0BE}"
EndProject
Global
	GlobalSection(SolutionConfigurationPlatforms) = preSolution
		Debug|Any CPU = Debug|Any CPU
		Debug|Mixed Platforms = Debug|Mixed Platforms
		Debug|x86 = Debug|x86
		Release|Any CPU = Release|Any CPU
		Release|Mixed Platforms = Release|Mixed Platforms
		Release|x86 = Release|x86
	EndGlobalSection
	GlobalSection(ProjectConfigurationPlatforms) = postSolution
		{A6A43612-54B5-4382-97F7-EF1D48F571D1}.Debug|Any CPU.ActiveCfg = Debug|x86
		{A6A43612-54B5-4382-97F7-EF1D48F571D1}.Debug|Mixed Platforms.ActiveCfg = Debug|x86
		{A6A43612-54B5-4382-97F7-EF1D48F571D1}.Debug|Mixed Platforms.Build.0 = Debug|x86
		{A6A43612-54B5-4382-97F7-EF1D48F571D1}.Debug|x86.ActiveCfg = Debug|x86
		{A6A43612-54B5-4382-97F7-EF1D48F571D1}.Debug|x86.Build.0 = Debug|x86
		{A6A43612-54B5-4382-97F7-EF1D48F571D1}.Release|Any CPU.ActiveCfg = Release|x86
		{A6A43612-54B5-4382-97F7-EF1D48F571D1}.Release|Mixed Platforms.ActiveCfg = Release|x86
		{A6A43612-54B5-4382-97F7-EF1D48F571D1}.Release|Mixed Platforms.Build.0 = Release|x86
		{A6A43612-54B5-4382-97F7-EF1D48F571D1}.Release|x86.ActiveCfg = Release|x86
		{A6A43612-54B5-4382-97F7-EF1D48F571D1}.Release|x86.Build.0 = Release|x86
		{ABD253F0-40E4-4198-B29F-5CAC6F219AC9}.Debug|Any CPU.ActiveCfg = Debug|x86
		{ABD253F0-40E4-4198-B29F-5CAC6F219AC9}.Debug|Mixed Platforms.ActiveCfg = Debug|x86
		{ABD253F0-40E4-4198-B29F-5CAC6F219AC9}.Debug|Mixed Platforms.Build.0 = Debug|x86
		{ABD253F0-40E4-4198-B29F-5CAC6F219AC9}.Debug|x86.ActiveCfg = Debug|x86
		{ABD253F0-40E4-4198-B29F-5CAC6F219AC9}.Debug|x86.Build.0 = Debug|x86
		{ABD253F0-40E4-4198-B29F-5CAC6F219AC9}.Release|Any CPU.ActiveCfg = Release|x86
		{ABD253F0-40E4-4198-B29F-5CAC6F219AC9}.Release|Mixed Platforms.ActiveCfg = Release|x86
		{ABD253F0-40E4-4198-B29F-5CAC6F219AC9}.Release|Mixed Platforms.Build.0 = Release|x86
		{ABD253F0-40E4-4198-B29F-5CAC6F219AC9}.Release|x86.ActiveCfg = Release|x86
		{ABD253F0-40E4-4198-B29F-5CAC6F219AC9}.Release|x86.Build.0 = Release|x86
		{DC48D710-2D09-4CFB-B219-5D7DE66BEA78}.Debug|Any CPU.ActiveCfg = Debug|Any CPU
		{DC48D710-2D09-4CFB-B219-5D7DE66BEA78}.Debug|Any CPU.Build.0 = Debug|Any CPU
		{DC48D710-2D09-4CFB-B219-5D7DE66BEA78}.Debug|Mixed Platforms.ActiveCfg = Debug|Any CPU
		{DC48D710-2D09-4CFB-B219-5D7DE66BEA78}.Debug|Mixed Platforms.Build.0 = Debug|Any CPU
		{DC48D710-2D09-4CFB-B219-5D7DE66BEA78}.Debug|x86.ActiveCfg = Debug|Any CPU
		{DC48D710-2D09-4CFB-B219-5D7DE66BEA78}.Release|Any CPU.ActiveCfg = Release|Any CPU
		{DC48D710-2D09-4CFB-B219-5D7DE66BEA78}.Release|Any CPU.Build.0 = Release|Any CPU
		{DC48D710-2D09-4CFB-B219-5D7DE66BEA78}.Release|Mixed Platforms.ActiveCfg = Release|Any CPU
		{DC48D710-2D09-4CFB-B219-5D7DE66BEA78}.Release|Mixed Platforms.Build.0 = Release|Any CPU
		{DC48D710-2D09-4CFB-B219-5D7DE66BEA78}.Release|x86.ActiveCfg = Release|Any CPU
		{48593A4A-60A1-43BD-8579-F176B4CF8D57}.Debug|Any CPU.ActiveCfg = Debug|Any CPU
		{48593A4A-60A1-43BD-8579-F176B4CF8D57}.Debug|Any CPU.Build.0 = Debug|Any CPU
		{48593A4A-60A1-43BD-8579-F176B4CF8D57}.Debug|Mixed Platforms.ActiveCfg = Debug|Any CPU
		{48593A4A-60A1-43BD-8579-F176B4CF8D57}.Debug|Mixed Platforms.Build.0 = Debug|Any CPU
		{48593A4A-60A1-43BD-8579-F176B4CF8D57}.Debug|x86.ActiveCfg = Debug|Any CPU
		{48593A4A-60A1-43BD-8579-F176B4CF8D57}.Release|Any CPU.ActiveCfg = Release|Any CPU
		{48593A4A-60A1-43BD-8579-F176B4CF8D57}.Release|Any CPU.Build.0 = Release|Any CPU
		{48593A4A-60A1-43BD-8579-F176B4CF8D57}.Release|Mixed Platforms.ActiveCfg = Release|Any CPU
		{48593A4A-60A1-43BD-8579-F176B4CF8D57}.Release|Mixed Platforms.Build.0 = Release|Any CPU
		{48593A4A-60A1-43BD-8579-F176B4CF8D57}.Release|x86.ActiveCfg = Release|Any CPU
		{BEDC6F70-BF16-48FD-A31B-D626B65E6AC7}.Debug|Any CPU.ActiveCfg = Debug|Any CPU
		{BEDC6F70-BF16-48FD-A31B-D626B65E6AC7}.Debug|Any CPU.Build.0 = Debug|Any CPU
		{BEDC6F70-BF16-48FD-A31B-D626B65E6AC7}.Debug|Mixed Platforms.ActiveCfg = Debug|Any CPU
		{BEDC6F70-BF16-48FD-A31B-D626B65E6AC7}.Debug|Mixed Platforms.Build.0 = Debug|Any CPU
		{BEDC6F70-BF16-48FD-A31B-D626B65E6AC7}.Debug|x86.ActiveCfg = Debug|Any CPU
		{BEDC6F70-BF16-48FD-A31B-D626B65E6AC7}.Release|Any CPU.ActiveCfg = Release|Any CPU
		{BEDC6F70-BF16-48FD-A31B-D626B65E6AC7}.Release|Any CPU.Build.0 = Release|Any CPU
		{BEDC6F70-BF16-48FD-A31B-D626B65E6AC7}.Release|Mixed Platforms.ActiveCfg = Release|Any CPU
		{BEDC6F70-BF16-48FD-A31B-D626B65E6AC7}.Release|Mixed Platforms.Build.0 = Release|Any CPU
		{BEDC6F70-BF16-48FD-A31B-D626B65E6AC7}.Release|x86.ActiveCfg = Release|Any CPU
		{9E49013C-9F0B-4A14-9D4D-C7D9EED2C4DE}.Debug|Any CPU.ActiveCfg = Debug|Any CPU
		{9E49013C-9F0B-4A14-9D4D-C7D9EED2C4DE}.Debug|Any CPU.Build.0 = Debug|Any CPU
		{9E49013C-9F0B-4A14-9D4D-C7D9EED2C4DE}.Debug|Mixed Platforms.ActiveCfg = Debug|Any CPU
		{9E49013C-9F0B-4A14-9D4D-C7D9EED2C4DE}.Debug|Mixed Platforms.Build.0 = Debug|Any CPU
		{9E49013C-9F0B-4A14-9D4D-C7D9EED2C4DE}.Debug|x86.ActiveCfg = Debug|Any CPU
		{9E49013C-9F0B-4A14-9D4D-C7D9EED2C4DE}.Release|Any CPU.ActiveCfg = Release|Any CPU
		{9E49013C-9F0B-4A14-9D4D-C7D9EED2C4DE}.Release|Any CPU.Build.0 = Release|Any CPU
		{9E49013C-9F0B-4A14-9D4D-C7D9EED2C4DE}.Release|Mixed Platforms.ActiveCfg = Release|Any CPU
		{9E49013C-9F0B-4A14-9D4D-C7D9EED2C4DE}.Release|Mixed Platforms.Build.0 = Release|Any CPU
		{9E49013C-9F0B-4A14-9D4D-C7D9EED2C4DE}.Release|x86.ActiveCfg = Release|Any CPU
		{97F3DDB1-6E55-4BAE-ACE1-AA8C0643DA96}.Debug|Any CPU.ActiveCfg = Debug|x86
		{97F3DDB1-6E55-4BAE-ACE1-AA8C0643DA96}.Debug|Mixed Platforms.ActiveCfg = Debug|x86
		{97F3DDB1-6E55-4BAE-ACE1-AA8C0643DA96}.Debug|Mixed Platforms.Build.0 = Debug|x86
		{97F3DDB1-6E55-4BAE-ACE1-AA8C0643DA96}.Debug|x86.ActiveCfg = Debug|x86
		{97F3DDB1-6E55-4BAE-ACE1-AA8C0643DA96}.Debug|x86.Build.0 = Debug|x86
		{97F3DDB1-6E55-4BAE-ACE1-AA8C0643DA96}.Release|Any CPU.ActiveCfg = Release|x86
		{97F3DDB1-6E55-4BAE-ACE1-AA8C0643DA96}.Release|Mixed Platforms.ActiveCfg = Release|x86
		{97F3DDB1-6E55-4BAE-ACE1-AA8C0643DA96}.Release|Mixed Platforms.Build.0 = Release|x86
		{97F3DDB1-6E55-4BAE-ACE1-AA8C0643DA96}.Release|x86.ActiveCfg = Release|x86
		{97F3DDB1-6E55-4BAE-ACE1-AA8C0643DA96}.Release|x86.Build.0 = Release|x86
		{F687D34E-CDD6-42A7-B66A-51FA0305D0BE}.Debug|Any CPU.ActiveCfg = Debug|Any CPU
		{F687D34E-CDD6-42A7-B66A-51FA0305D0BE}.Debug|Any CPU.Build.0 = Debug|Any CPU
		{F687D34E-CDD6-42A7-B66A-51FA0305D0BE}.Debug|Mixed Platforms.ActiveCfg = Debug|Any CPU
		{F687D34E-CDD6-42A7-B66A-51FA0305D0BE}.Debug|Mixed Platforms.Build.0 = Debug|Any CPU
		{F687D34E-CDD6-42A7-B66A-51FA0305D0BE}.Debug|x86.ActiveCfg = Debug|Any CPU
		{F687D34E-CDD6-42A7-B66A-51FA0305D0BE}.Release|Any CPU.ActiveCfg = Release|Any CPU
		{F687D34E-CDD6-42A7-B66A-51FA0305D0BE}.Release|Any CPU.Build.0 = Release|Any CPU
		{F687D34E-CDD6-42A7-B66A-51FA0305D0BE}.Release|Mixed Platforms.ActiveCfg = Release|Any CPU
		{F687D34E-CDD6-42A7-B66A-51FA0305D0BE}.Release|Mixed Platforms.Build.0 = Release|Any CPU
		{F687D34E-CDD6-42A7-B66A-51FA0305D0BE}.Release|x86.ActiveCfg = Release|Any CPU
	EndGlobalSection
	GlobalSection(SolutionProperties) = preSolution
		HideSolutionNode = FALSE
	EndGlobalSection
EndGlobal
